
Microsoft Visual Studio Solution File, Format Version 12.00
# Visual Studio Version 17
VisualStudioVersion = 17.6.33829.357
MinimumVisualStudioVersion = 10.0.40219.1
Project("{9A19103F-16F7-4668-BE54-9A1E7A4F7556}") = "ReceptAI.API", "ReceptAI.API\ReceptAI.API.csproj", "{4C8DEB67-5CA7-47F2-B358-617E50F819DE}"
EndProject
Project("{9A19103F-16F7-4668-BE54-9A1E7A4F7556}") = "ReceptAI.Core", "ReceptAI.Core\ReceptAI.Core.csproj", "{899F484E-7E97-4119-A489-8A6557AB2770}"
EndProject
Project("{FAE04EC0-301F-11D3-BF4B-00C04F79EFBC}") = "ReceptAI.Infrastructure", "ReceptAI.Infrastructure\ReceptAI.Infrastructure.csproj", "{8325409E-0B2A-4715-9526-89EF008DD319}"
EndProject
Global
	GlobalSection(SolutionConfigurationPlatforms) = preSolution
		Debug|Any CPU = Debug|Any CPU
		Release|Any CPU = Release|Any CPU
	EndGlobalSection
	GlobalSection(ProjectConfigurationPlatforms) = postSolution
		{4C8DEB67-5CA7-47F2-B358-617E50F819DE}.Debug|Any CPU.ActiveCfg = Debug|Any CPU
		{4C8DEB67-5CA7-47F2-B358-617E50F819DE}.Debug|Any CPU.Build.0 = Debug|Any CPU
		{4C8DEB67-5CA7-47F2-B358-617E50F819DE}.Release|Any CPU.ActiveCfg = Release|Any CPU
		{4C8DEB67-5CA7-47F2-B358-617E50F819DE}.Release|Any CPU.Build.0 = Release|Any CPU
		{899F484E-7E97-4119-A489-8A6557AB2770}.Debug|Any CPU.ActiveCfg = Debug|Any CPU
		{899F484E-7E97-4119-A489-8A6557AB2770}.Debug|Any CPU.Build.0 = Debug|Any CPU
		{899F484E-7E97-4119-A489-8A6557AB2770}.Release|Any CPU.ActiveCfg = Release|Any CPU
		{899F484E-7E97-4119-A489-8A6557AB2770}.Release|Any CPU.Build.0 = Release|Any CPU
		{8325409E-0B2A-4715-9526-89EF008DD319}.Debug|Any CPU.ActiveCfg = Debug|Any CPU
		{8325409E-0B2A-4715-9526-89EF008DD319}.Debug|Any CPU.Build.0 = Debug|Any CPU
		{8325409E-0B2A-4715-9526-89EF008DD319}.Release|Any CPU.ActiveCfg = Release|Any CPU
		{8325409E-0B2A-4715-9526-89EF008DD319}.Release|Any CPU.Build.0 = Release|Any CPU
	EndGlobalSection
	GlobalSection(SolutionProperties) = preSolution
		HideSolutionNode = FALSE
	EndGlobalSection
	GlobalSection(ExtensibilityGlobals) = postSolution
		SolutionGuid = {6B3AAE26-EE77-43C5-9ED7-7C65A3C26BC1}
	EndGlobalSection
EndGlobal
